
Microsoft Visual Studio Solution File, Format Version 12.00
# Visual Studio Version 16
VisualStudioVersion = 16.0.30413.136
MinimumVisualStudioVersion = 10.0.40219.1
Project("{F184B08F-C81C-45F6-A57F-5ABD9991F28F}") = "New TCP Client", "New TCP Client\New TCP Client.vbproj", "{B3F1E355-A205-4332-B349-43CF956D8028}"
EndProject
Global
	GlobalSection(SolutionConfigurationPlatforms) = preSolution
		Debug|Any CPU = Debug|Any CPU
		Release|Any CPU = Release|Any CPU
	EndGlobalSection
	GlobalSection(ProjectConfigurationPlatforms) = postSolution
		{B3F1E355-A205-4332-B349-43CF956D8028}.Debug|Any CPU.ActiveCfg = Debug|Any CPU
		{B3F1E355-A205-4332-B349-43CF956D8028}.Debug|Any CPU.Build.0 = Debug|Any CPU
		{B3F1E355-A205-4332-B349-43CF956D8028}.Release|Any CPU.ActiveCfg = Release|Any CPU
		{B3F1E355-A205-4332-B349-43CF956D8028}.Release|Any CPU.Build.0 = Release|Any CPU
	EndGlobalSection
	GlobalSection(SolutionProperties) = preSolution
		HideSolutionNode = FALSE
	EndGlobalSection
	GlobalSection(ExtensibilityGlobals) = postSolution
		SolutionGuid = {74C4DCDD-7672-4EFD-B4DB-E02C1DD71CF8}
	EndGlobalSection
EndGlobal
